
Microsoft Visual Studio Solution File, Format Version 12.00
# Visual Studio Version 16
VisualStudioVersion = 16.0.32802.440
MinimumVisualStudioVersion = 10.0.40219.1
Project("{FAE04EC0-301F-11D3-BF4B-00C04F79EFBC}") = "Demo_Linq_to_Object", "Demo_Linq_to_Object\Demo_Linq_to_Object.csproj", "{AAEEC059-F3C0-4B1A-8E5D-0FA69412AEDC}"
EndProject
Global
	GlobalSection(SolutionConfigurationPlatforms) = preSolution
		Debug|Any CPU = Debug|Any CPU
		Release|Any CPU = Release|Any CPU
	EndGlobalSection
	GlobalSection(ProjectConfigurationPlatforms) = postSolution
		{AAEEC059-F3C0-4B1A-8E5D-0FA69412AEDC}.Debug|Any CPU.ActiveCfg = Debug|Any CPU
		{AAEEC059-F3C0-4B1A-8E5D-0FA69412AEDC}.Debug|Any CPU.Build.0 = Debug|Any CPU
		{AAEEC059-F3C0-4B1A-8E5D-0FA69412AEDC}.Release|Any CPU.ActiveCfg = Release|Any CPU
		{AAEEC059-F3C0-4B1A-8E5D-0FA69412AEDC}.Release|Any CPU.Build.0 = Release|Any CPU
	EndGlobalSection
	GlobalSection(SolutionProperties) = preSolution
		HideSolutionNode = FALSE
	EndGlobalSection
	GlobalSection(ExtensibilityGlobals) = postSolution
		SolutionGuid = {66B6096C-ABA6-4377-8A8D-3AB501880C7D}
	EndGlobalSection
EndGlobal
